
Microsoft Visual Studio Solution File, Format Version 12.00
# Visual Studio 15
VisualStudioVersion = 15.0.26730.3
MinimumVisualStudioVersion = 10.0.40219.1
Project("{FAE04EC0-301F-11D3-BF4B-00C04F79EFBC}") = "D365Saturday.TypedEntities", "D365Saturday.TypedEntities\D365Saturday.TypedEntities.csproj", "{161B9F05-7343-472F-928D-800082C599EE}"
EndProject
Project("{2150E333-8FDC-42A3-9474-1A3956D46DE8}") = "GitRootFiles", "GitRootFiles", "{5938A75F-D7C6-454D-8B5B-BB412006902D}"
	ProjectSection(SolutionItems) = preProject
		devtools\download.ps1 = devtools\download.ps1
		devtools\mapping.xml = devtools\mapping.xml
		devtools\Pack.ps1 = devtools\Pack.ps1
		README.md = README.md
		devtools\Unpack.ps1 = devtools\Unpack.ps1
	EndProjectSection
EndProject
Project("{FAE04EC0-301F-11D3-BF4B-00C04F79EFBC}") = "Service Extension", "CrmSvcUtilExtensions\BasicFilteringService\Service Extension.csproj", "{6B498A14-F54E-4E96-87B3-5D44822E898D}"
EndProject
Project("{FAE04EC0-301F-11D3-BF4B-00C04F79EFBC}") = "GeneratePicklistEnums", "CrmSvcUtilExtensions\GeneratePicklistEnums\GeneratePicklistEnums.csproj", "{EC553439-4946-4623-B3D8-2222D17F5FBB}"
EndProject
Project("{FAE04EC0-301F-11D3-BF4B-00C04F79EFBC}") = "D365Saturday.Plugins", "D365Saturday.Plugins\D365Saturday.Plugins.csproj", "{A56E8B33-8436-4566-A8B8-713A966D88F6}"
EndProject
Project("{FAE04EC0-301F-11D3-BF4B-00C04F79EFBC}") = "D365Saturday.Plugins.Tests", "D365Saturday.Plugins.Tests\D365Saturday.Plugins.Tests.csproj", "{66B16559-2936-46E2-BB17-280BCD6CE069}"
EndProject
Project("{FAE04EC0-301F-11D3-BF4B-00C04F79EFBC}") = "D365Saturday.CodeActivities", "D365Saturday.CodeActivities\D365Saturday.CodeActivities.csproj", "{2B297950-3C5B-4D0C-81AB-5F007CD146F1}"
EndProject
Project("{FAE04EC0-301F-11D3-BF4B-00C04F79EFBC}") = "D365Saturday.CodeActivities.Tests", "D365Saturday.CodeActivities.Tests\D365Saturday.CodeActivities.Tests.csproj", "{4C4251B0-78EA-443F-A867-62F1AF96DAA5}"
EndProject
Project("{FAE04EC0-301F-11D3-BF4B-00C04F79EFBC}") = "D365Saturday.CRMPackage", "D365Saturday.CRMPackage\D365Saturday.CRMPackage.csproj", "{170C0103-3F94-4896-9062-6314167F596A}"
EndProject
Project("{FAE04EC0-301F-11D3-BF4B-00C04F79EFBC}") = "D365Saturday.WebResources", "D365Saturday.WebResources\D365Saturday.WebResources.csproj", "{5F14A41A-85D3-4616-8846-C1061EEBF260}"
EndProject
Project("{2150E333-8FDC-42A3-9474-1A3956D46DE8}") = "Data", "Data", "{35905E28-8637-4512-8AB0-30CD5DFAE6DC}"
EndProject
Project("{2150E333-8FDC-42A3-9474-1A3956D46DE8}") = "Config", "Config", "{275F4E25-FD3B-4B7C-A7DC-0C50C15EC4B8}"
EndProject
Project("{2150E333-8FDC-42A3-9474-1A3956D46DE8}") = "Data", "Data", "{1ABDFBEE-0094-4542-A5E5-850BA193E9F2}"
	ProjectSection(SolutionItems) = preProject
		Data\Config\Data\[Content_Types].xml = Data\Config\Data\[Content_Types].xml
		Data\Config\Data\data.xml = Data\Config\Data\data.xml
		Data\Config\Data\data_schema.xml = Data\Config\Data\data_schema.xml
	EndProjectSection
EndProject
Project("{2150E333-8FDC-42A3-9474-1A3956D46DE8}") = "Schema", "Schema", "{2D18DDC3-E69D-482E-AD7D-6BF57660B60F}"
	ProjectSection(SolutionItems) = preProject
		Data\Config\Schema\Config.xml = Data\Config\Schema\Config.xml
	EndProjectSection
EndProject
Project("{FAE04EC0-301F-11D3-BF4B-00C04F79EFBC}") = "D365Saturday.UIAutomation", "D365Saturday.UIAutomation\D365Saturday.UIAutomation.csproj", "{FBCD53FC-4D1A-4FCF-B8DB-FD10937CAD62}"
EndProject
Project("{2150E333-8FDC-42A3-9474-1A3956D46DE8}") = "Solution Items", "Solution Items", "{EA4828AF-8F15-477D-95BA-776A9BAA4AB5}"
	ProjectSection(SolutionItems) = preProject
		unit.runsettings = unit.runsettings
	EndProjectSection
EndProject
Global
	GlobalSection(SolutionConfigurationPlatforms) = preSolution
		Debug|Any CPU = Debug|Any CPU
		Release|Any CPU = Release|Any CPU
	EndGlobalSection
	GlobalSection(ProjectConfigurationPlatforms) = postSolution
		{161B9F05-7343-472F-928D-800082C599EE}.Debug|Any CPU.ActiveCfg = Debug|Any CPU
		{161B9F05-7343-472F-928D-800082C599EE}.Debug|Any CPU.Build.0 = Debug|Any CPU
		{161B9F05-7343-472F-928D-800082C599EE}.Release|Any CPU.ActiveCfg = Release|Any CPU
		{161B9F05-7343-472F-928D-800082C599EE}.Release|Any CPU.Build.0 = Release|Any CPU
		{6B498A14-F54E-4E96-87B3-5D44822E898D}.Debug|Any CPU.ActiveCfg = Debug|Any CPU
		{6B498A14-F54E-4E96-87B3-5D44822E898D}.Debug|Any CPU.Build.0 = Debug|Any CPU
		{6B498A14-F54E-4E96-87B3-5D44822E898D}.Release|Any CPU.ActiveCfg = Release|Any CPU
		{6B498A14-F54E-4E96-87B3-5D44822E898D}.Release|Any CPU.Build.0 = Release|Any CPU
		{EC553439-4946-4623-B3D8-2222D17F5FBB}.Debug|Any CPU.ActiveCfg = Debug|Any CPU
		{EC553439-4946-4623-B3D8-2222D17F5FBB}.Debug|Any CPU.Build.0 = Debug|Any CPU
		{EC553439-4946-4623-B3D8-2222D17F5FBB}.Release|Any CPU.ActiveCfg = Release|Any CPU
		{EC553439-4946-4623-B3D8-2222D17F5FBB}.Release|Any CPU.Build.0 = Release|Any CPU
		{A56E8B33-8436-4566-A8B8-713A966D88F6}.Debug|Any CPU.ActiveCfg = Debug|Any CPU
		{A56E8B33-8436-4566-A8B8-713A966D88F6}.Debug|Any CPU.Build.0 = Debug|Any CPU
		{A56E8B33-8436-4566-A8B8-713A966D88F6}.Release|Any CPU.ActiveCfg = Release|Any CPU
		{A56E8B33-8436-4566-A8B8-713A966D88F6}.Release|Any CPU.Build.0 = Release|Any CPU
		{66B16559-2936-46E2-BB17-280BCD6CE069}.Debug|Any CPU.ActiveCfg = Debug|Any CPU
		{66B16559-2936-46E2-BB17-280BCD6CE069}.Debug|Any CPU.Build.0 = Debug|Any CPU
		{66B16559-2936-46E2-BB17-280BCD6CE069}.Release|Any CPU.ActiveCfg = Release|Any CPU
		{66B16559-2936-46E2-BB17-280BCD6CE069}.Release|Any CPU.Build.0 = Release|Any CPU
		{2B297950-3C5B-4D0C-81AB-5F007CD146F1}.Debug|Any CPU.ActiveCfg = Debug|Any CPU
		{2B297950-3C5B-4D0C-81AB-5F007CD146F1}.Debug|Any CPU.Build.0 = Debug|Any CPU
		{2B297950-3C5B-4D0C-81AB-5F007CD146F1}.Release|Any CPU.ActiveCfg = Release|Any CPU
		{2B297950-3C5B-4D0C-81AB-5F007CD146F1}.Release|Any CPU.Build.0 = Release|Any CPU
		{4C4251B0-78EA-443F-A867-62F1AF96DAA5}.Debug|Any CPU.ActiveCfg = Debug|Any CPU
		{4C4251B0-78EA-443F-A867-62F1AF96DAA5}.Debug|Any CPU.Build.0 = Debug|Any CPU
		{4C4251B0-78EA-443F-A867-62F1AF96DAA5}.Release|Any CPU.ActiveCfg = Release|Any CPU
		{4C4251B0-78EA-443F-A867-62F1AF96DAA5}.Release|Any CPU.Build.0 = Release|Any CPU
		{170C0103-3F94-4896-9062-6314167F596A}.Debug|Any CPU.ActiveCfg = Debug|Any CPU
		{170C0103-3F94-4896-9062-6314167F596A}.Debug|Any CPU.Build.0 = Debug|Any CPU
		{170C0103-3F94-4896-9062-6314167F596A}.Release|Any CPU.ActiveCfg = Release|Any CPU
		{170C0103-3F94-4896-9062-6314167F596A}.Release|Any CPU.Build.0 = Release|Any CPU
		{5F14A41A-85D3-4616-8846-C1061EEBF260}.Debug|Any CPU.ActiveCfg = Debug|Any CPU
		{5F14A41A-85D3-4616-8846-C1061EEBF260}.Debug|Any CPU.Build.0 = Debug|Any CPU
		{5F14A41A-85D3-4616-8846-C1061EEBF260}.Release|Any CPU.ActiveCfg = Release|Any CPU
		{5F14A41A-85D3-4616-8846-C1061EEBF260}.Release|Any CPU.Build.0 = Release|Any CPU
		{FBCD53FC-4D1A-4FCF-B8DB-FD10937CAD62}.Debug|Any CPU.ActiveCfg = Debug|Any CPU
		{FBCD53FC-4D1A-4FCF-B8DB-FD10937CAD62}.Debug|Any CPU.Build.0 = Debug|Any CPU
		{FBCD53FC-4D1A-4FCF-B8DB-FD10937CAD62}.Release|Any CPU.ActiveCfg = Release|Any CPU
		{FBCD53FC-4D1A-4FCF-B8DB-FD10937CAD62}.Release|Any CPU.Build.0 = Release|Any CPU
	EndGlobalSection
	GlobalSection(SolutionProperties) = preSolution
		HideSolutionNode = FALSE
	EndGlobalSection
	GlobalSection(NestedProjects) = preSolution
		{275F4E25-FD3B-4B7C-A7DC-0C50C15EC4B8} = {35905E28-8637-4512-8AB0-30CD5DFAE6DC}
		{1ABDFBEE-0094-4542-A5E5-850BA193E9F2} = {275F4E25-FD3B-4B7C-A7DC-0C50C15EC4B8}
		{2D18DDC3-E69D-482E-AD7D-6BF57660B60F} = {275F4E25-FD3B-4B7C-A7DC-0C50C15EC4B8}
	EndGlobalSection
	GlobalSection(ExtensibilityGlobals) = postSolution
		SolutionGuid = {43D413CC-659E-4F82-864B-09B8FA4C16F1}
	EndGlobalSection
EndGlobal
