
Microsoft Visual Studio Solution File, Format Version 12.00
# Visual Studio 14
VisualStudioVersion = 14.0.25123.0
MinimumVisualStudioVersion = 10.0.40219.1
Project("{FAE04EC0-301F-11D3-BF4B-00C04F79EFBC}") = "Service Extension", "BasicFilteringService\Service Extension.csproj", "{6B498A14-F54E-4E96-87B3-5D44822E898D}"
EndProject
Project("{FAE04EC0-301F-11D3-BF4B-00C04F79EFBC}") = "GeneratePicklistEnums", "GeneratePicklistEnums\GeneratePicklistEnums.csproj", "{EC553439-4946-4623-B3D8-2222D17F5FBB}"
EndProject
Global
	GlobalSection(SolutionConfigurationPlatforms) = preSolution
		Debug|Any CPU = Debug|Any CPU
		Release|Any CPU = Release|Any CPU
	EndGlobalSection
	GlobalSection(ProjectConfigurationPlatforms) = postSolution
		{6B498A14-F54E-4E96-87B3-5D44822E898D}.Debug|Any CPU.ActiveCfg = Debug|Any CPU
		{6B498A14-F54E-4E96-87B3-5D44822E898D}.Debug|Any CPU.Build.0 = Debug|Any CPU
		{6B498A14-F54E-4E96-87B3-5D44822E898D}.Release|Any CPU.ActiveCfg = Release|Any CPU
		{6B498A14-F54E-4E96-87B3-5D44822E898D}.Release|Any CPU.Build.0 = Release|Any CPU
		{EC553439-4946-4623-B3D8-2222D17F5FBB}.Debug|Any CPU.ActiveCfg = Debug|Any CPU
		{EC553439-4946-4623-B3D8-2222D17F5FBB}.Debug|Any CPU.Build.0 = Debug|Any CPU
		{EC553439-4946-4623-B3D8-2222D17F5FBB}.Release|Any CPU.ActiveCfg = Release|Any CPU
		{EC553439-4946-4623-B3D8-2222D17F5FBB}.Release|Any CPU.Build.0 = Release|Any CPU
	EndGlobalSection
	GlobalSection(SolutionProperties) = preSolution
		HideSolutionNode = FALSE
	EndGlobalSection
EndGlobal
